// !$*UTF8*$!
{
	archiveVersion = 1;
	classes = {
	};
	objectVersion = 52;
	objects = {

/* Begin PBXBuildFile section */
		5967A18B251CDD99009168FC /* AppDelegate.swift in Sources */ = {isa = PBXBuildFile; fileRef = 5967A18A251CDD99009168FC /* AppDelegate.swift */; };
		5967A18D251CDD99009168FC /* SceneDelegate.swift in Sources */ = {isa = PBXBuildFile; fileRef = 5967A18C251CDD99009168FC /* SceneDelegate.swift */; };
		5967A18F251CDD99009168FC /* ViewController.swift in Sources */ = {isa = PBXBuildFile; fileRef = 5967A18E251CDD99009168FC /* ViewController.swift */; };
		5967A1A3251CDEE3009168FC /* VideoPlayer in Frameworks */ = {isa = PBXBuildFile; productRef = 5967A1A2251CDEE3009168FC /* VideoPlayer */; };
		5967A1BF251E4ED0009168FC /* Assets.xcassets in Resources */ = {isa = PBXBuildFile; fileRef = 5967A1B6251E4ED0009168FC /* Assets.xcassets */; };
		5967A1C0251E4ED0009168FC /* LaunchScreen.storyboard in Resources */ = {isa = PBXBuildFile; fileRef = 5967A1B7251E4ED0009168FC /* LaunchScreen.storyboard */; };
		5967A1C1251E4ED0009168FC /* Main.storyboard in Resources */ = {isa = PBXBuildFile; fileRef = 5967A1B9251E4ED0009168FC /* Main.storyboard */; };
		59B28B1E25584B9C00265359 /* HongKong.mp4 in Resources */ = {isa = PBXBuildFile; fileRef = 59B28B1D25584B9C00265359 /* HongKong.mp4 */; };
/* End PBXBuildFile section */

/* Begin PBXFileReference section */
		5967A187251CDD99009168FC /* VideoPlayerDemo.app */ = {isa = PBXFileReference; explicitFileType = wrapper.application; includeInIndex = 0; path = VideoPlayerDemo.app; sourceTree = BUILT_PRODUCTS_DIR; };
		5967A18A251CDD99009168FC /* AppDelegate.swift */ = {isa = PBXFileReference; lastKnownFileType = sourcecode.swift; path = AppDelegate.swift; sourceTree = "<group>"; };
		5967A18C251CDD99009168FC /* SceneDelegate.swift */ = {isa = PBXFileReference; lastKnownFileType = sourcecode.swift; path = SceneDelegate.swift; sourceTree = "<group>"; };
		5967A18E251CDD99009168FC /* ViewController.swift */ = {isa = PBXFileReference; lastKnownFileType = sourcecode.swift; path = ViewController.swift; sourceTree = "<group>"; };
		5967A198251CDD9A009168FC /* Info.plist */ = {isa = PBXFileReference; lastKnownFileType = text.plist.xml; path = Info.plist; sourceTree = "<group>"; };
		5967A19F251CDDF2009168FC /* VideoPlayer */ = {isa = PBXFileReference; lastKnownFileType = folder; name = VideoPlayer; path = ..; sourceTree = "<group>"; };
		5967A1B6251E4ED0009168FC /* Assets.xcassets */ = {isa = PBXFileReference; lastKnownFileType = folder.assetcatalog; path = Assets.xcassets; sourceTree = "<group>"; };
		5967A1B8251E4ED0009168FC /* Base */ = {isa = PBXFileReference; lastKnownFileType = file.storyboard; name = Base; path = Base.lproj/LaunchScreen.storyboard; sourceTree = "<group>"; };
		5967A1BA251E4ED0009168FC /* Base */ = {isa = PBXFileReference; lastKnownFileType = file.storyboard; name = Base; path = Base.lproj/Main.storyboard; sourceTree = "<group>"; };
		59B28B1D25584B9C00265359 /* HongKong.mp4 */ = {isa = PBXFileReference; lastKnownFileType = file; path = HongKong.mp4; sourceTree = "<group>"; };
/* End PBXFileReference section */

/* Begin PBXFrameworksBuildPhase section */
		5967A184251CDD99009168FC /* Frameworks */ = {
			isa = PBXFrameworksBuildPhase;
			buildActionMask = 2147483647;
			files = (
				5967A1A3251CDEE3009168FC /* VideoPlayer in Frameworks */,
			);
			runOnlyForDeploymentPostprocessing = 0;
		};
/* End PBXFrameworksBuildPhase section */

/* Begin PBXGroup section */
		5967A17E251CDD99009168FC = {
			isa = PBXGroup;
			children = (
				5967A19F251CDDF2009168FC /* VideoPlayer */,
				5967A189251CDD99009168FC /* VideoPlayerDemo */,
				5967A188251CDD99009168FC /* Products */,
				5967A1A1251CDEE3009168FC /* Frameworks */,
			);
			sourceTree = "<group>";
		};
		5967A188251CDD99009168FC /* Products */ = {
			isa = PBXGroup;
			children = (
				5967A187251CDD99009168FC /* VideoPlayerDemo.app */,
			);
			name = Products;
			sourceTree = "<group>";
		};
		5967A189251CDD99009168FC /* VideoPlayerDemo */ = {
			isa = PBXGroup;
			children = (
				5967A1B5251E4ED0009168FC /* Resources */,
				5967A18A251CDD99009168FC /* AppDelegate.swift */,
				5967A18C251CDD99009168FC /* SceneDelegate.swift */,
				5967A18E251CDD99009168FC /* ViewController.swift */,
				5967A198251CDD9A009168FC /* Info.plist */,
			);
			path = VideoPlayerDemo;
			sourceTree = "<group>";
		};
		5967A1A1251CDEE3009168FC /* Frameworks */ = {
			isa = PBXGroup;
			children = (
			);
			name = Frameworks;
			sourceTree = "<group>";
		};
		5967A1B5251E4ED0009168FC /* Resources */ = {
			isa = PBXGroup;
			children = (
				5967A1B6251E4ED0009168FC /* Assets.xcassets */,
				5967A1B7251E4ED0009168FC /* LaunchScreen.storyboard */,
				5967A1B9251E4ED0009168FC /* Main.storyboard */,
				5967A1BB251E4ED0009168FC /* Videos */,
			);
			path = Resources;
			sourceTree = "<group>";
		};
		5967A1BB251E4ED0009168FC /* Videos */ = {
			isa = PBXGroup;
			children = (
				59B28B1D25584B9C00265359 /* HongKong.mp4 */,
			);
			path = Videos;
			sourceTree = "<group>";
		};
/* End PBXGroup section */

/* Begin PBXNativeTarget section */
		5967A186251CDD99009168FC /* VideoPlayerDemo */ = {
			isa = PBXNativeTarget;
			buildConfigurationList = 5967A19B251CDD9A009168FC /* Build configuration list for PBXNativeTarget "VideoPlayerDemo" */;
			buildPhases = (
				5967A183251CDD99009168FC /* Sources */,
				5967A184251CDD99009168FC /* Frameworks */,
				5967A185251CDD99009168FC /* Resources */,
			);
			buildRules = (
			);
			dependencies = (
			);
			name = VideoPlayerDemo;
			packageProductDependencies = (
				5967A1A2251CDEE3009168FC /* VideoPlayer */,
			);
			productName = VideoPlayerDemo;
			productReference = 5967A187251CDD99009168FC /* VideoPlayerDemo.app */;
			productType = "com.apple.product-type.application";
		};
/* End PBXNativeTarget section */

/* Begin PBXProject section */
		5967A17F251CDD99009168FC /* Project object */ = {
			isa = PBXProject;
			attributes = {
				LastSwiftUpdateCheck = 1200;
				LastUpgradeCheck = 1200;
				TargetAttributes = {
					5967A186251CDD99009168FC = {
						CreatedOnToolsVersion = 12.0;
					};
				};
			};
			buildConfigurationList = 5967A182251CDD99009168FC /* Build configuration list for PBXProject "VideoPlayerDemo" */;
			compatibilityVersion = "Xcode 9.3";
			developmentRegion = en;
			hasScannedForEncodings = 0;
			knownRegions = (
				en,
				Base,
			);
			mainGroup = 5967A17E251CDD99009168FC;
			productRefGroup = 5967A188251CDD99009168FC /* Products */;
			projectDirPath = "";
			projectRoot = "";
			targets = (
				5967A186251CDD99009168FC /* VideoPlayerDemo */,
			);
		};
/* End PBXProject section */

/* Begin PBXResourcesBuildPhase section */
		5967A185251CDD99009168FC /* Resources */ = {
			isa = PBXResourcesBuildPhase;
			buildActionMask = 2147483647;
			files = (
				5967A1C1251E4ED0009168FC /* Main.storyboard in Resources */,
				5967A1C0251E4ED0009168FC /* LaunchScreen.storyboard in Resources */,
				59B28B1E25584B9C00265359 /* HongKong.mp4 in Resources */,
				5967A1BF251E4ED0009168FC /* Assets.xcassets in Resources */,
			);
			runOnlyForDeploymentPostprocessing = 0;
		};
/* End PBXResourcesBuildPhase section */

/* Begin PBXSourcesBuildPhase section */
		5967A183251CDD99009168FC /* Sources */ = {
			isa = PBXSourcesBuildPhase;
			buildActionMask = 2147483647;
			files = (
				5967A18F251CDD99009168FC /* ViewController.swift in Sources */,
				5967A18B251CDD99009168FC /* AppDelegate.swift in Sources */,
				5967A18D251CDD99009168FC /* SceneDelegate.swift in Sources */,
			);
			runOnlyForDeploymentPostprocessing = 0;
		};
/* End PBXSourcesBuildPhase section */

/* Begin PBXVariantGroup section */
		5967A1B7251E4ED0009168FC /* LaunchScreen.storyboard */ = {
			isa = PBXVariantGroup;
			children = (
				5967A1B8251E4ED0009168FC /* Base */,
			);
			name = LaunchScreen.storyboard;
			sourceTree = "<group>";
		};
		5967A1B9251E4ED0009168FC /* Main.storyboard */ = {
			isa = PBXVariantGroup;
			children = (
				5967A1BA251E4ED0009168FC /* Base */,
			);
			name = Main.storyboard;
			sourceTree = "<group>";
		};
/* End PBXVariantGroup section */

/* Begin XCBuildConfiguration section */
		5967A199251CDD9A009168FC /* Debug */ = {
			isa = XCBuildConfiguration;
			buildSettings = {
				ALWAYS_SEARCH_USER_PATHS = NO;
				CLANG_ANALYZER_NONNULL = YES;
				CLANG_ANALYZER_NUMBER_OBJECT_CONVERSION = YES_AGGRESSIVE;
				CLANG_CXX_LANGUAGE_STANDARD = "gnu++14";
				CLANG_CXX_LIBRARY = "libc++";
				CLANG_ENABLE_MODULES = YES;
				CLANG_ENABLE_OBJC_ARC = YES;
				CLANG_ENABLE_OBJC_WEAK = YES;
				CLANG_WARN_BLOCK_CAPTURE_AUTORELEASING = YES;
				CLANG_WARN_BOOL_CONVERSION = YES;
				CLANG_WARN_COMMA = YES;
				CLANG_WARN_CONSTANT_CONVERSION = YES;
				CLANG_WARN_DEPRECATED_OBJC_IMPLEMENTATIONS = YES;
				CLANG_WARN_DIRECT_OBJC_ISA_USAGE = YES_ERROR;
				CLANG_WARN_DOCUMENTATION_COMMENTS = YES;
				CLANG_WARN_EMPTY_BODY = YES;
				CLANG_WARN_ENUM_CONVERSION = YES;
				CLANG_WARN_INFINITE_RECURSION = YES;
				CLANG_WARN_INT_CONVERSION = YES;
				CLANG_WARN_NON_LITERAL_NULL_CONVERSION = YES;
				CLANG_WARN_OBJC_IMPLICIT_RETAIN_SELF = YES;
				CLANG_WARN_OBJC_LITERAL_CONVERSION = YES;
				CLANG_WARN_OBJC_ROOT_CLASS = YES_ERROR;
				CLANG_WARN_QUOTED_INCLUDE_IN_FRAMEWORK_HEADER = YES;
				CLANG_WARN_RANGE_LOOP_ANALYSIS = YES;
				CLANG_WARN_STRICT_PROTOTYPES = YES;
				CLANG_WARN_SUSPICIOUS_MOVE = YES;
				CLANG_WARN_UNGUARDED_AVAILABILITY = YES_AGGRESSIVE;
				CLANG_WARN_UNREACHABLE_CODE = YES;
				CLANG_WARN__DUPLICATE_METHOD_MATCH = YES;
				COPY_PHASE_STRIP = NO;
				DEBUG_INFORMATION_FORMAT = dwarf;
				ENABLE_STRICT_OBJC_MSGSEND = YES;
				ENABLE_TESTABILITY = YES;
				GCC_C_LANGUAGE_STANDARD = gnu11;
				GCC_DYNAMIC_NO_PIC = NO;
				GCC_NO_COMMON_BLOCKS = YES;
				GCC_OPTIMIZATION_LEVEL = 0;
				GCC_PREPROCESSOR_DEFINITIONS = (
					"DEBUG=1",
					"$(inherited)",
				);
				GCC_WARN_64_TO_32_BIT_CONVERSION = YES;
				GCC_WARN_ABOUT_RETURN_TYPE = YES_ERROR;
				GCC_WARN_UNDECLARED_SELECTOR = YES;
				GCC_WARN_UNINITIALIZED_AUTOS = YES_AGGRESSIVE;
				GCC_WARN_UNUSED_FUNCTION = YES;
				GCC_WARN_UNUSED_VARIABLE = YES;
				IPHONEOS_DEPLOYMENT_TARGET = 14.0;
				MTL_ENABLE_DEBUG_INFO = INCLUDE_SOURCE;
				MTL_FAST_MATH = YES;
				ONLY_ACTIVE_ARCH = YES;
				SDKROOT = iphoneos;
				SWIFT_ACTIVE_COMPILATION_CONDITIONS = DEBUG;
				SWIFT_OPTIMIZATION_LEVEL = "-Onone";
			};
			name = Debug;
		};
		5967A19A251CDD9A009168FC /* Release */ = {
			isa = XCBuildConfiguration;
			buildSettings = {
				ALWAYS_SEARCH_USER_PATHS = NO;
				CLANG_ANALYZER_NONNULL = YES;
				CLANG_ANALYZER_NUMBER_OBJECT_CONVERSION = YES_AGGRESSIVE;
				CLANG_CXX_LANGUAGE_STANDARD = "gnu++14";
				CLANG_CXX_LIBRARY = "libc++";
				CLANG_ENABLE_MODULES = YES;
				CLANG_ENABLE_OBJC_ARC = YES;
				CLANG_ENABLE_OBJC_WEAK = YES;
				CLANG_WARN_BLOCK_CAPTURE_AUTORELEASING = YES;
				CLANG_WARN_BOOL_CONVERSION = YES;
				CLANG_WARN_COMMA = YES;
				CLANG_WARN_CONSTANT_CONVERSION = YES;
				CLANG_WARN_DEPRECATED_OBJC_IMPLEMENTATIONS = YES;
				CLANG_WARN_DIRECT_OBJC_ISA_USAGE = YES_ERROR;
				CLANG_WARN_DOCUMENTATION_COMMENTS = YES;
				CLANG_WARN_EMPTY_BODY = YES;
				CLANG_WARN_ENUM_CONVERSION = YES;
				CLANG_WARN_INFINITE_RECURSION = YES;
				CLANG_WARN_INT_CONVERSION = YES;
				CLANG_WARN_NON_LITERAL_NULL_CONVERSION = YES;
				CLANG_WARN_OBJC_IMPLICIT_RETAIN_SELF = YES;
				CLANG_WARN_OBJC_LITERAL_CONVERSION = YES;
				CLANG_WARN_OBJC_ROOT_CLASS = YES_ERROR;
				CLANG_WARN_QUOTED_INCLUDE_IN_FRAMEWORK_HEADER = YES;
				CLANG_WARN_RANGE_LOOP_ANALYSIS = YES;
				CLANG_WARN_STRICT_PROTOTYPES = YES;
				CLANG_WARN_SUSPICIOUS_MOVE = YES;
				CLANG_WARN_UNGUARDED_AVAILABILITY = YES_AGGRESSIVE;
				CLANG_WARN_UNREACHABLE_CODE = YES;
				CLANG_WARN__DUPLICATE_METHOD_MATCH = YES;
				COPY_PHASE_STRIP = NO;
				DEBUG_INFORMATION_FORMAT = "dwarf-with-dsym";
				ENABLE_NS_ASSERTIONS = NO;
				ENABLE_STRICT_OBJC_MSGSEND = YES;
				GCC_C_LANGUAGE_STANDARD = gnu11;
				GCC_NO_COMMON_BLOCKS = YES;
				GCC_WARN_64_TO_32_BIT_CONVERSION = YES;
				GCC_WARN_ABOUT_RETURN_TYPE = YES_ERROR;
				GCC_WARN_UNDECLARED_SELECTOR = YES;
				GCC_WARN_UNINITIALIZED_AUTOS = YES_AGGRESSIVE;
				GCC_WARN_UNUSED_FUNCTION = YES;
				GCC_WARN_UNUSED_VARIABLE = YES;
				IPHONEOS_DEPLOYMENT_TARGET = 14.0;
				MTL_ENABLE_DEBUG_INFO = NO;
				MTL_FAST_MATH = YES;
				SDKROOT = iphoneos;
				SWIFT_COMPILATION_MODE = wholemodule;
				SWIFT_OPTIMIZATION_LEVEL = "-O";
				VALIDATE_PRODUCT = YES;
			};
			name = Release;
		};
		5967A19C251CDD9A009168FC /* Debug */ = {
			isa = XCBuildConfiguration;
			buildSettings = {
				ASSETCATALOG_COMPILER_APPICON_NAME = AppIcon;
				ASSETCATALOG_COMPILER_GLOBAL_ACCENT_COLOR_NAME = AccentColor;
				CODE_SIGN_STYLE = Automatic;
				DEVELOPMENT_TEAM = XK98WVAH5W;
				INFOPLIST_FILE = VideoPlayerDemo/Info.plist;
				LD_RUNPATH_SEARCH_PATHS = (
					"$(inherited)",
					"@executable_path/Frameworks",
				);
				PRODUCT_BUNDLE_IDENTIFIER = com.TitouanVanBelle.VideoPlayerDemo;
				PRODUCT_NAME = "$(TARGET_NAME)";
				SWIFT_VERSION = 5.0;
				TARGETED_DEVICE_FAMILY = "1,2";
			};
			name = Debug;
		};
		5967A19D251CDD9A009168FC /* Release */ = {
			isa = XCBuildConfiguration;
			buildSettings = {
				ASSETCATALOG_COMPILER_APPICON_NAME = AppIcon;
				ASSETCATALOG_COMPILER_GLOBAL_ACCENT_COLOR_NAME = AccentColor;
				CODE_SIGN_STYLE = Automatic;
				DEVELOPMENT_TEAM = XK98WVAH5W;
				INFOPLIST_FILE = VideoPlayerDemo/Info.plist;
				LD_RUNPATH_SEARCH_PATHS = (
					"$(inherited)",
					"@executable_path/Frameworks",
				);
				PRODUCT_BUNDLE_IDENTIFIER = com.TitouanVanBelle.VideoPlayerDemo;
				PRODUCT_NAME = "$(TARGET_NAME)";
				SWIFT_VERSION = 5.0;
				TARGETED_DEVICE_FAMILY = "1,2";
			};
			name = Release;
		};
/* End XCBuildConfiguration section */

/* Begin XCConfigurationList section */
		5967A182251CDD99009168FC /* Build configuration list for PBXProject "VideoPlayerDemo" */ = {
			isa = XCConfigurationList;
			buildConfigurations = (
				5967A199251CDD9A009168FC /* Debug */,
				5967A19A251CDD9A009168FC /* Release */,
			);
			defaultConfigurationIsVisible = 0;
			defaultConfigurationName = Release;
		};
		5967A19B251CDD9A009168FC /* Build configuration list for PBXNativeTarget "VideoPlayerDemo" */ = {
			isa = XCConfigurationList;
			buildConfigurations = (
				5967A19C251CDD9A009168FC /* Debug */,
				5967A19D251CDD9A009168FC /* Release */,
			);
			defaultConfigurationIsVisible = 0;
			defaultConfigurationName = Release;
		};
/* End XCConfigurationList section */

/* Begin XCSwiftPackageProductDependency section */
		5967A1A2251CDEE3009168FC /* VideoPlayer */ = {
			isa = XCSwiftPackageProductDependency;
			productName = VideoPlayer;
		};
/* End XCSwiftPackageProductDependency section */
	};
	rootObject = 5967A17F251CDD99009168FC /* Project object */;
}
